# This file is automatically @generated by Cargo.
# It is not intended for manual editing.
version = 4

[[package]]
name = "kgi"
version = "0.1.0"
dependencies = [
 "kgi-api-core",
 "kgi-api-ingress",
 "kgi-core",
 "kgi-model",
 "kgi-node",
 "kgi-processing",
 "kgi-storage",
]

[[package]]
name = "kgi-api-core"
version = "0.1.0"
dependencies = [
 "kgi-api-ingress",
 "kgi-api-model",
 "kgi-model",
 "kgi-storage",
]

[[package]]
name = "kgi-api-ingress"
version = "0.1.0"
dependencies = [
 "kgi-model",
]

[[package]]
name = "kgi-api-model"
version = "0.1.0"
dependencies = [
 "kgi-model",
]

[[package]]
name = "kgi-core"
version = "0.1.0"

[[package]]
name = "kgi-model"
version = "0.1.0"

[[package]]
name = "kgi-node"
version = "0.1.0"
dependencies = [
 "kgi-model",
]

[[package]]
name = "kgi-processing"
version = "0.1.0"
dependencies = [
 "kgi-api-ingress",
 "kgi-model",
 "kgi-node",
 "kgi-storage",
]

[[package]]
name = "kgi-storage"
version = "0.1.0"
dependencies = [
 "kgi-api-model",
 "kgi-model",
]

[[package]]
name = "xtask"
version = "0.1.0"
